fyne.io/fyne/v2 v2.6.3 h1:cvtM2KHeRuH+WhtHiA63z5wJVBkQ9+Ay0UMl9PxFHyA=
fyne.io/fyne/v2 v2.6.3/go.mod h1:NGSurpRElVoI1G3h+ab2df3O5KLGh1CGbsMMcX0bPIs=
github.com/pmezard/go-difflib v1.0.0 h1:4DBwDE0NGyQoBHbLQYPwSUPoCMWR5BEzIk/f1lZbAQM=
github.com/pmezard/go-difflib v1.0.0/go.mod h1:iKH77koFhYxTK1pcRnkKkqfTogsbg7gZNVY4sRDYZ/4=
